// !$*UTF8*$!
{
	archiveVersion = 1;
	classes = {
	};
	objectVersion = 56;
	objects = {

/* Begin PBXBuildFile section */
		083A26B72AAEC84600CC37EF /* AppState.swift in Sources */ = {isa = PBXBuildFile; fileRef = 083A26B62AAEC84600CC37EF /* AppState.swift */; };
		0895D2FF2AA0562100E6E74E /* QRCodeImageView.swift in Sources */ = {isa = PBXBuildFile; fileRef = 0895D2FE2AA0562100E6E74E /* QRCodeImageView.swift */; };
		08D333C82A9C459000CE6571 /* LetsEatApp.swift in Sources */ = {isa = PBXBuildFile; fileRef = 08D333C72A9C459000CE6571 /* LetsEatApp.swift */; };
		08D333CA2A9C459000CE6571 /* ContentView.swift in Sources */ = {isa = PBXBuildFile; fileRef = 08D333C92A9C459000CE6571 /* ContentView.swift */; };
		08D333CC2A9C459100CE6571 /* Assets.xcassets in Resources */ = {isa = PBXBuildFile; fileRef = 08D333CB2A9C459100CE6571 /* Assets.xcassets */; };
		08D333CF2A9C459100CE6571 /* Preview Assets.xcassets in Resources */ = {isa = PBXBuildFile; fileRef = 08D333CE2A9C459100CE6571 /* Preview Assets.xcassets */; };
		08D333D92A9C459100CE6571 /* LetsEatTests.swift in Sources */ = {isa = PBXBuildFile; fileRef = 08D333D82A9C459100CE6571 /* LetsEatTests.swift */; };
		08D333E32A9C459100CE6571 /* LetsEatUITests.swift in Sources */ = {isa = PBXBuildFile; fileRef = 08D333E22A9C459100CE6571 /* LetsEatUITests.swift */; };
		08D333E52A9C459100CE6571 /* LetsEatUITestsLaunchTests.swift in Sources */ = {isa = PBXBuildFile; fileRef = 08D333E42A9C459100CE6571 /* LetsEatUITestsLaunchTests.swift */; };
		08D333F22A9C464900CE6571 /* PlanListView.swift in Sources */ = {isa = PBXBuildFile; fileRef = 08D333F12A9C464900CE6571 /* PlanListView.swift */; };
		08D333F42A9C47C700CE6571 /* MessageView.swift in Sources */ = {isa = PBXBuildFile; fileRef = 08D333F32A9C47C700CE6571 /* MessageView.swift */; };
		08D333F62A9C481900CE6571 /* SettingView.swift in Sources */ = {isa = PBXBuildFile; fileRef = 08D333F52A9C481900CE6571 /* SettingView.swift */; };
		08D333F82A9C92D000CE6571 /* DataManager.swift in Sources */ = {isa = PBXBuildFile; fileRef = 08D333F72A9C92D000CE6571 /* DataManager.swift */; };
		08D333FA2A9C983900CE6571 /* Message.swift in Sources */ = {isa = PBXBuildFile; fileRef = 08D333F92A9C983900CE6571 /* Message.swift */; };
		08D333FC2A9DB7B600CE6571 /* MakePlanView.swift in Sources */ = {isa = PBXBuildFile; fileRef = 08D333FB2A9DB7B600CE6571 /* MakePlanView.swift */; };
		F3F476412AA060AC00F3E255 /* LaunchScreenView.swift in Sources */ = {isa = PBXBuildFile; fileRef = F3F476402AA060AC00F3E255 /* LaunchScreenView.swift */; };
/* End PBXBuildFile section */

/* Begin PBXContainerItemProxy section */
		08D333D52A9C459100CE6571 /* PBXContainerItemProxy */ = {
			isa = PBXContainerItemProxy;
			containerPortal = 08D333BC2A9C458F00CE6571 /* Project object */;
			proxyType = 1;
			remoteGlobalIDString = 08D333C32A9C459000CE6571;
			remoteInfo = LetsEat;
		};
		08D333DF2A9C459100CE6571 /* PBXContainerItemProxy */ = {
			isa = PBXContainerItemProxy;
			containerPortal = 08D333BC2A9C458F00CE6571 /* Project object */;
			proxyType = 1;
			remoteGlobalIDString = 08D333C32A9C459000CE6571;
			remoteInfo = LetsEat;
		};
/* End PBXContainerItemProxy section */

/* Begin PBXFileReference section */
		083A26B52AAEC4D900CC37EF /* Info.plist */ = {isa = PBXFileReference; lastKnownFileType = text.plist; path = Info.plist; sourceTree = "<group>"; };
		083A26B62AAEC84600CC37EF /* AppState.swift */ = {isa = PBXFileReference; lastKnownFileType = sourcecode.swift; path = AppState.swift; sourceTree = "<group>"; };
		0895D2FE2AA0562100E6E74E /* QRCodeImageView.swift */ = {isa = PBXFileReference; lastKnownFileType = sourcecode.swift; path = QRCodeImageView.swift; sourceTree = "<group>"; };
		08D333C42A9C459000CE6571 /* LetsEat.app */ = {isa = PBXFileReference; explicitFileType = wrapper.application; includeInIndex = 0; path = LetsEat.app; sourceTree = BUILT_PRODUCTS_DIR; };
		08D333C72A9C459000CE6571 /* LetsEatApp.swift */ = {isa = PBXFileReference; lastKnownFileType = sourcecode.swift; path = LetsEatApp.swift; sourceTree = "<group>"; };
		08D333C92A9C459000CE6571 /* ContentView.swift */ = {isa = PBXFileReference; lastKnownFileType = sourcecode.swift; path = ContentView.swift; sourceTree = "<group>"; };
		08D333CB2A9C459100CE6571 /* Assets.xcassets */ = {isa = PBXFileReference; lastKnownFileType = folder.assetcatalog; path = Assets.xcassets; sourceTree = "<group>"; };
		08D333CE2A9C459100CE6571 /* Preview Assets.xcassets */ = {isa = PBXFileReference; lastKnownFileType = folder.assetcatalog; path = "Preview Assets.xcassets"; sourceTree = "<group>"; };
		08D333D42A9C459100CE6571 /* LetsEatTests.xctest */ = {isa = PBXFileReference; explicitFileType = wrapper.cfbundle; includeInIndex = 0; path = LetsEatTests.xctest; sourceTree = BUILT_PRODUCTS_DIR; };
		08D333D82A9C459100CE6571 /* LetsEatTests.swift */ = {isa = PBXFileReference; lastKnownFileType = sourcecode.swift; path = LetsEatTests.swift; sourceTree = "<group>"; };
		08D333DE2A9C459100CE6571 /* LetsEatUITests.xctest */ = {isa = PBXFileReference; explicitFileType = wrapper.cfbundle; includeInIndex = 0; path = LetsEatUITests.xctest; sourceTree = BUILT_PRODUCTS_DIR; };
		08D333E22A9C459100CE6571 /* LetsEatUITests.swift */ = {isa = PBXFileReference; lastKnownFileType = sourcecode.swift; path = LetsEatUITests.swift; sourceTree = "<group>"; };
		08D333E42A9C459100CE6571 /* LetsEatUITestsLaunchTests.swift */ = {isa = PBXFileReference; lastKnownFileType = sourcecode.swift; path = LetsEatUITestsLaunchTests.swift; sourceTree = "<group>"; };
		08D333F12A9C464900CE6571 /* PlanListView.swift */ = {isa = PBXFileReference; lastKnownFileType = sourcecode.swift; path = PlanListView.swift; sourceTree = "<group>"; };
		08D333F32A9C47C700CE6571 /* MessageView.swift */ = {isa = PBXFileReference; lastKnownFileType = sourcecode.swift; path = MessageView.swift; sourceTree = "<group>"; };
		08D333F52A9C481900CE6571 /* SettingView.swift */ = {isa = PBXFileReference; lastKnownFileType = sourcecode.swift; path = SettingView.swift; sourceTree = "<group>"; };
		08D333F72A9C92D000CE6571 /* DataManager.swift */ = {isa = PBXFileReference; lastKnownFileType = sourcecode.swift; path = DataManager.swift; sourceTree = "<group>"; };
		08D333F92A9C983900CE6571 /* Message.swift */ = {isa = PBXFileReference; lastKnownFileType = sourcecode.swift; path = Message.swift; sourceTree = "<group>"; };
		08D333FB2A9DB7B600CE6571 /* MakePlanView.swift */ = {isa = PBXFileReference; lastKnownFileType = sourcecode.swift; path = MakePlanView.swift; sourceTree = "<group>"; };
		F3F476402AA060AC00F3E255 /* LaunchScreenView.swift */ = {isa = PBXFileReference; lastKnownFileType = sourcecode.swift; path = LaunchScreenView.swift; sourceTree = "<group>"; };
/* End PBXFileReference section */

/* Begin PBXFrameworksBuildPhase section */
		08D333C12A9C459000CE6571 /* Frameworks */ = {
			isa = PBXFrameworksBuildPhase;
			buildActionMask = 2147483647;
			files = (
			);
			runOnlyForDeploymentPostprocessing = 0;
		};
		08D333D12A9C459100CE6571 /* Frameworks */ = {
			isa = PBXFrameworksBuildPhase;
			buildActionMask = 2147483647;
			files = (
			);
			runOnlyForDeploymentPostprocessing = 0;
		};
		08D333DB2A9C459100CE6571 /* Frameworks */ = {
			isa = PBXFrameworksBuildPhase;
			buildActionMask = 2147483647;
			files = (
			);
			runOnlyForDeploymentPostprocessing = 0;
		};
/* End PBXFrameworksBuildPhase section */

/* Begin PBXGroup section */
		083A26B82AAEC97F00CC37EF /* PlanList */ = {
			isa = PBXGroup;
			children = (
			);
			path = PlanList;
			sourceTree = "<group>";
		};
		083A26B92AAEC98D00CC37EF /* Message */ = {
			isa = PBXGroup;
			children = (
			);
			path = Message;
			sourceTree = "<group>";
		};
		083A26BA2AAEC99500CC37EF /* Setting */ = {
			isa = PBXGroup;
			children = (
			);
			path = Setting;
			sourceTree = "<group>";
		};
		0895D2FD2AA04FA000E6E74E /* Model */ = {
			isa = PBXGroup;
			children = (
			);
			path = Model;
			sourceTree = "<group>";
		};
		08D333BB2A9C458F00CE6571 = {
			isa = PBXGroup;
			children = (
				08D333C62A9C459000CE6571 /* LetsEat */,
				08D333D72A9C459100CE6571 /* LetsEatTests */,
				08D333E12A9C459100CE6571 /* LetsEatUITests */,
				08D333C52A9C459000CE6571 /* Products */,
			);
			sourceTree = "<group>";
		};
		08D333C52A9C459000CE6571 /* Products */ = {
			isa = PBXGroup;
			children = (
				08D333C42A9C459000CE6571 /* LetsEat.app */,
				08D333D42A9C459100CE6571 /* LetsEatTests.xctest */,
				08D333DE2A9C459100CE6571 /* LetsEatUITests.xctest */,
			);
			name = Products;
			sourceTree = "<group>";
		};
		08D333C62A9C459000CE6571 /* LetsEat */ = {
			isa = PBXGroup;
			children = (
				083A26BA2AAEC99500CC37EF /* Setting */,
				083A26B92AAEC98D00CC37EF /* Message */,
				083A26B82AAEC97F00CC37EF /* PlanList */,
				083A26B52AAEC4D900CC37EF /* Info.plist */,
				0895D2FD2AA04FA000E6E74E /* Model */,
				08D333C72A9C459000CE6571 /* LetsEatApp.swift */,
				08D333C92A9C459000CE6571 /* ContentView.swift */,
				08D333F12A9C464900CE6571 /* PlanListView.swift */,
				08D333F32A9C47C700CE6571 /* MessageView.swift */,
				08D333F52A9C481900CE6571 /* SettingView.swift */,
				08D333CB2A9C459100CE6571 /* Assets.xcassets */,
				08D333CD2A9C459100CE6571 /* Preview Content */,
				08D333F72A9C92D000CE6571 /* DataManager.swift */,
				08D333F92A9C983900CE6571 /* Message.swift */,
				08D333FB2A9DB7B600CE6571 /* MakePlanView.swift */,
				0895D2FE2AA0562100E6E74E /* QRCodeImageView.swift */,
				F3F476402AA060AC00F3E255 /* LaunchScreenView.swift */,
				083A26B62AAEC84600CC37EF /* AppState.swift */,
			);
			path = LetsEat;
			sourceTree = "<group>";
		};
		08D333CD2A9C459100CE6571 /* Preview Content */ = {
			isa = PBXGroup;
			children = (
				08D333CE2A9C459100CE6571 /* Preview Assets.xcassets */,
			);
			path = "Preview Content";
			sourceTree = "<group>";
		};
		08D333D72A9C459100CE6571 /* LetsEatTests */ = {
			isa = PBXGroup;
			children = (
				08D333D82A9C459100CE6571 /* LetsEatTests.swift */,
			);
			path = LetsEatTests;
			sourceTree = "<group>";
		};
		08D333E12A9C459100CE6571 /* LetsEatUITests */ = {
			isa = PBXGroup;
			children = (
				08D333E22A9C459100CE6571 /* LetsEatUITests.swift */,
				08D333E42A9C459100CE6571 /* LetsEatUITestsLaunchTests.swift */,
			);
			path = LetsEatUITests;
			sourceTree = "<group>";
		};
/* End PBXGroup section */

/* Begin PBXNativeTarget section */
		08D333C32A9C459000CE6571 /* LetsEat */ = {
			isa = PBXNativeTarget;
			buildConfigurationList = 08D333E82A9C459100CE6571 /* Build configuration list for PBXNativeTarget "LetsEat" */;
			buildPhases = (
				08D333C02A9C459000CE6571 /* Sources */,
				08D333C12A9C459000CE6571 /* Frameworks */,
				08D333C22A9C459000CE6571 /* Resources */,
			);
			buildRules = (
			);
			dependencies = (
			);
			name = LetsEat;
			productName = LetsEat;
			productReference = 08D333C42A9C459000CE6571 /* LetsEat.app */;
			productType = "com.apple.product-type.application";
		};
		08D333D32A9C459100CE6571 /* LetsEatTests */ = {
			isa = PBXNativeTarget;
			buildConfigurationList = 08D333EB2A9C459100CE6571 /* Build configuration list for PBXNativeTarget "LetsEatTests" */;
			buildPhases = (
				08D333D02A9C459100CE6571 /* Sources */,
				08D333D12A9C459100CE6571 /* Frameworks */,
				08D333D22A9C459100CE6571 /* Resources */,
			);
			buildRules = (
			);
			dependencies = (
				08D333D62A9C459100CE6571 /* PBXTargetDependency */,
			);
			name = LetsEatTests;
			productName = LetsEatTests;
			productReference = 08D333D42A9C459100CE6571 /* LetsEatTests.xctest */;
			productType = "com.apple.product-type.bundle.unit-test";
		};
		08D333DD2A9C459100CE6571 /* LetsEatUITests */ = {
			isa = PBXNativeTarget;
			buildConfigurationList = 08D333EE2A9C459100CE6571 /* Build configuration list for PBXNativeTarget "LetsEatUITests" */;
			buildPhases = (
				08D333DA2A9C459100CE6571 /* Sources */,
				08D333DB2A9C459100CE6571 /* Frameworks */,
				08D333DC2A9C459100CE6571 /* Resources */,
			);
			buildRules = (
			);
			dependencies = (
				08D333E02A9C459100CE6571 /* PBXTargetDependency */,
			);
			name = LetsEatUITests;
			productName = LetsEatUITests;
			productReference = 08D333DE2A9C459100CE6571 /* LetsEatUITests.xctest */;
			productType = "com.apple.product-type.bundle.ui-testing";
		};
/* End PBXNativeTarget section */

/* Begin PBXProject section */
		08D333BC2A9C458F00CE6571 /* Project object */ = {
			isa = PBXProject;
			attributes = {
				BuildIndependentTargetsInParallel = 1;
				LastSwiftUpdateCheck = 1430;
				LastUpgradeCheck = 1430;
				TargetAttributes = {
					08D333C32A9C459000CE6571 = {
						CreatedOnToolsVersion = 14.3.1;
					};
					08D333D32A9C459100CE6571 = {
						CreatedOnToolsVersion = 14.3.1;
						TestTargetID = 08D333C32A9C459000CE6571;
					};
					08D333DD2A9C459100CE6571 = {
						CreatedOnToolsVersion = 14.3.1;
						TestTargetID = 08D333C32A9C459000CE6571;
					};
				};
			};
			buildConfigurationList = 08D333BF2A9C458F00CE6571 /* Build configuration list for PBXProject "LetsEat" */;
			compatibilityVersion = "Xcode 14.0";
			developmentRegion = en;
			hasScannedForEncodings = 0;
			knownRegions = (
				en,
				Base,
			);
			mainGroup = 08D333BB2A9C458F00CE6571;
			productRefGroup = 08D333C52A9C459000CE6571 /* Products */;
			projectDirPath = "";
			projectRoot = "";
			targets = (
				08D333C32A9C459000CE6571 /* LetsEat */,
				08D333D32A9C459100CE6571 /* LetsEatTests */,
				08D333DD2A9C459100CE6571 /* LetsEatUITests */,
			);
		};
/* End PBXProject section */

/* Begin PBXResourcesBuildPhase section */
		08D333C22A9C459000CE6571 /* Resources */ = {
			isa = PBXResourcesBuildPhase;
			buildActionMask = 2147483647;
			files = (
				08D333CF2A9C459100CE6571 /* Preview Assets.xcassets in Resources */,
				08D333CC2A9C459100CE6571 /* Assets.xcassets in Resources */,
			);
			runOnlyForDeploymentPostprocessing = 0;
		};
		08D333D22A9C459100CE6571 /* Resources */ = {
			isa = PBXResourcesBuildPhase;
			buildActionMask = 2147483647;
			files = (
			);
			runOnlyForDeploymentPostprocessing = 0;
		};
		08D333DC2A9C459100CE6571 /* Resources */ = {
			isa = PBXResourcesBuildPhase;
			buildActionMask = 2147483647;
			files = (
			);
			runOnlyForDeploymentPostprocessing = 0;
		};
/* End PBXResourcesBuildPhase section */

/* Begin PBXSourcesBuildPhase section */
		08D333C02A9C459000CE6571 /* Sources */ = {
			isa = PBXSourcesBuildPhase;
			buildActionMask = 2147483647;
			files = (
				08D333F42A9C47C700CE6571 /* MessageView.swift in Sources */,
				08D333F82A9C92D000CE6571 /* DataManager.swift in Sources */,
				083A26B72AAEC84600CC37EF /* AppState.swift in Sources */,
				08D333F62A9C481900CE6571 /* SettingView.swift in Sources */,
				0895D2FF2AA0562100E6E74E /* QRCodeImageView.swift in Sources */,
				08D333FC2A9DB7B600CE6571 /* MakePlanView.swift in Sources */,
				F3F476412AA060AC00F3E255 /* LaunchScreenView.swift in Sources */,
				08D333CA2A9C459000CE6571 /* ContentView.swift in Sources */,
				08D333C82A9C459000CE6571 /* LetsEatApp.swift in Sources */,
				08D333F22A9C464900CE6571 /* PlanListView.swift in Sources */,
				08D333FA2A9C983900CE6571 /* Message.swift in Sources */,
			);
			runOnlyForDeploymentPostprocessing = 0;
		};
		08D333D02A9C459100CE6571 /* Sources */ = {
			isa = PBXSourcesBuildPhase;
			buildActionMask = 2147483647;
			files = (
				08D333D92A9C459100CE6571 /* LetsEatTests.swift in Sources */,
			);
			runOnlyForDeploymentPostprocessing = 0;
		};
		08D333DA2A9C459100CE6571 /* Sources */ = {
			isa = PBXSourcesBuildPhase;
			buildActionMask = 2147483647;
			files = (
				08D333E32A9C459100CE6571 /* LetsEatUITests.swift in Sources */,
				08D333E52A9C459100CE6571 /* LetsEatUITestsLaunchTests.swift in Sources */,
			);
			runOnlyForDeploymentPostprocessing = 0;
		};
/* End PBXSourcesBuildPhase section */

/* Begin PBXTargetDependency section */
		08D333D62A9C459100CE6571 /* PBXTargetDependency */ = {
			isa = PBXTargetDependency;
			target = 08D333C32A9C459000CE6571 /* LetsEat */;
			targetProxy = 08D333D52A9C459100CE6571 /* PBXContainerItemProxy */;
		};
		08D333E02A9C459100CE6571 /* PBXTargetDependency */ = {
			isa = PBXTargetDependency;
			target = 08D333C32A9C459000CE6571 /* LetsEat */;
			targetProxy = 08D333DF2A9C459100CE6571 /* PBXContainerItemProxy */;
		};
/* End PBXTargetDependency section */

/* Begin XCBuildConfiguration section */
		08D333E62A9C459100CE6571 /* Debug */ = {
			isa = XCBuildConfiguration;
			buildSettings = {
				ALWAYS_SEARCH_USER_PATHS = NO;
				CLANG_ANALYZER_NONNULL = YES;
				CLANG_ANALYZER_NUMBER_OBJECT_CONVERSION = YES_AGGRESSIVE;
				CLANG_CXX_LANGUAGE_STANDARD = "gnu++20";
				CLANG_ENABLE_MODULES = YES;
				CLANG_ENABLE_OBJC_ARC = YES;
				CLANG_ENABLE_OBJC_WEAK = YES;
				CLANG_WARN_BLOCK_CAPTURE_AUTORELEASING = YES;
				CLANG_WARN_BOOL_CONVERSION = YES;
				CLANG_WARN_COMMA = YES;
				CLANG_WARN_CONSTANT_CONVERSION = YES;
				CLANG_WARN_DEPRECATED_OBJC_IMPLEMENTATIONS = YES;
				CLANG_WARN_DIRECT_OBJC_ISA_USAGE = YES_ERROR;
				CLANG_WARN_DOCUMENTATION_COMMENTS = YES;
				CLANG_WARN_EMPTY_BODY = YES;
				CLANG_WARN_ENUM_CONVERSION = YES;
				CLANG_WARN_INFINITE_RECURSION = YES;
				CLANG_WARN_INT_CONVERSION = YES;
				CLANG_WARN_NON_LITERAL_NULL_CONVERSION = YES;
				CLANG_WARN_OBJC_IMPLICIT_RETAIN_SELF = YES;
				CLANG_WARN_OBJC_LITERAL_CONVERSION = YES;
				CLANG_WARN_OBJC_ROOT_CLASS = YES_ERROR;
				CLANG_WARN_QUOTED_INCLUDE_IN_FRAMEWORK_HEADER = YES;
				CLANG_WARN_RANGE_LOOP_ANALYSIS = YES;
				CLANG_WARN_STRICT_PROTOTYPES = YES;
				CLANG_WARN_SUSPICIOUS_MOVE = YES;
				CLANG_WARN_UNGUARDED_AVAILABILITY = YES_AGGRESSIVE;
				CLANG_WARN_UNREACHABLE_CODE = YES;
				CLANG_WARN__DUPLICATE_METHOD_MATCH = YES;
				COPY_PHASE_STRIP = NO;
				DEBUG_INFORMATION_FORMAT = dwarf;
				ENABLE_STRICT_OBJC_MSGSEND = YES;
				ENABLE_TESTABILITY = YES;
				GCC_C_LANGUAGE_STANDARD = gnu11;
				GCC_DYNAMIC_NO_PIC = NO;
				GCC_NO_COMMON_BLOCKS = YES;
				GCC_OPTIMIZATION_LEVEL = 0;
				GCC_PREPROCESSOR_DEFINITIONS = (
					"DEBUG=1",
					"$(inherited)",
				);
				GCC_WARN_64_TO_32_BIT_CONVERSION = YES;
				GCC_WARN_ABOUT_RETURN_TYPE = YES_ERROR;
				GCC_WARN_UNDECLARED_SELECTOR = YES;
				GCC_WARN_UNINITIALIZED_AUTOS = YES_AGGRESSIVE;
				GCC_WARN_UNUSED_FUNCTION = YES;
				GCC_WARN_UNUSED_VARIABLE = YES;
				IPHONEOS_DEPLOYMENT_TARGET = 16.4;
				MTL_ENABLE_DEBUG_INFO = INCLUDE_SOURCE;
				MTL_FAST_MATH = YES;
				ONLY_ACTIVE_ARCH = YES;
				SDKROOT = iphoneos;
				SWIFT_ACTIVE_COMPILATION_CONDITIONS = DEBUG;
				SWIFT_OPTIMIZATION_LEVEL = "-Onone";
			};
			name = Debug;
		};
		08D333E72A9C459100CE6571 /* Release */ = {
			isa = XCBuildConfiguration;
			buildSettings = {
				ALWAYS_SEARCH_USER_PATHS = NO;
				CLANG_ANALYZER_NONNULL = YES;
				CLANG_ANALYZER_NUMBER_OBJECT_CONVERSION = YES_AGGRESSIVE;
				CLANG_CXX_LANGUAGE_STANDARD = "gnu++20";
				CLANG_ENABLE_MODULES = YES;
				CLANG_ENABLE_OBJC_ARC = YES;
				CLANG_ENABLE_OBJC_WEAK = YES;
				CLANG_WARN_BLOCK_CAPTURE_AUTORELEASING = YES;
				CLANG_WARN_BOOL_CONVERSION = YES;
				CLANG_WARN_COMMA = YES;
				CLANG_WARN_CONSTANT_CONVERSION = YES;
				CLANG_WARN_DEPRECATED_OBJC_IMPLEMENTATIONS = YES;
				CLANG_WARN_DIRECT_OBJC_ISA_USAGE = YES_ERROR;
				CLANG_WARN_DOCUMENTATION_COMMENTS = YES;
				CLANG_WARN_EMPTY_BODY = YES;
				CLANG_WARN_ENUM_CONVERSION = YES;
				CLANG_WARN_INFINITE_RECURSION = YES;
				CLANG_WARN_INT_CONVERSION = YES;
				CLANG_WARN_NON_LITERAL_NULL_CONVERSION = YES;
				CLANG_WARN_OBJC_IMPLICIT_RETAIN_SELF = YES;
				CLANG_WARN_OBJC_LITERAL_CONVERSION = YES;
				CLANG_WARN_OBJC_ROOT_CLASS = YES_ERROR;
				CLANG_WARN_QUOTED_INCLUDE_IN_FRAMEWORK_HEADER = YES;
				CLANG_WARN_RANGE_LOOP_ANALYSIS = YES;
				CLANG_WARN_STRICT_PROTOTYPES = YES;
				CLANG_WARN_SUSPICIOUS_MOVE = YES;
				CLANG_WARN_UNGUARDED_AVAILABILITY = YES_AGGRESSIVE;
				CLANG_WARN_UNREACHABLE_CODE = YES;
				CLANG_WARN__DUPLICATE_METHOD_MATCH = YES;
				COPY_PHASE_STRIP = NO;
				DEBUG_INFORMATION_FORMAT = "dwarf-with-dsym";
				ENABLE_NS_ASSERTIONS = NO;
				ENABLE_STRICT_OBJC_MSGSEND = YES;
				GCC_C_LANGUAGE_STANDARD = gnu11;
				GCC_NO_COMMON_BLOCKS = YES;
				GCC_WARN_64_TO_32_BIT_CONVERSION = YES;
				GCC_WARN_ABOUT_RETURN_TYPE = YES_ERROR;
				GCC_WARN_UNDECLARED_SELECTOR = YES;
				GCC_WARN_UNINITIALIZED_AUTOS = YES_AGGRESSIVE;
				GCC_WARN_UNUSED_FUNCTION = YES;
				GCC_WARN_UNUSED_VARIABLE = YES;
				IPHONEOS_DEPLOYMENT_TARGET = 16.4;
				MTL_ENABLE_DEBUG_INFO = NO;
				MTL_FAST_MATH = YES;
				SDKROOT = iphoneos;
				SWIFT_COMPILATION_MODE = wholemodule;
				SWIFT_OPTIMIZATION_LEVEL = "-O";
				VALIDATE_PRODUCT = YES;
			};
			name = Release;
		};
		08D333E92A9C459100CE6571 /* Debug */ = {
			isa = XCBuildConfiguration;
			buildSettings = {
				ASSETCATALOG_COMPILER_APPICON_NAME = AppIcon;
				ASSETCATALOG_COMPILER_GLOBAL_ACCENT_COLOR_NAME = AccentColor;
				CODE_SIGN_STYLE = Automatic;
				CURRENT_PROJECT_VERSION = 1;
				DEVELOPMENT_ASSET_PATHS = "\"LetsEat/Preview Content\"";
				DEVELOPMENT_TEAM = 7HY82828Q6;
				ENABLE_PREVIEWS = YES;
				GENERATE_INFOPLIST_FILE = YES;
				INFOPLIST_FILE = LetsEat/Info.plist;
				INFOPLIST_KEY_UIApplicationSceneManifest_Generation = YES;
				INFOPLIST_KEY_UIApplicationSupportsIndirectInputEvents = YES;
				INFOPLIST_KEY_UILaunchScreen_Generation = YES;
				INFOPLIST_KEY_UISupportedInterfaceOrientations_iPad = "UIInterfaceOrientationPortrait UIInterfaceOrientationPortraitUpsideDown UIInterfaceOrientationLandscapeLeft UIInterfaceOrientationLandscapeRight";
				INFOPLIST_KEY_UISupportedInterfaceOrientations_iPhone = "UIInterfaceOrientationPortrait UIInterfaceOrientationLandscapeLeft UIInterfaceOrientationLandscapeRight";
				LD_RUNPATH_SEARCH_PATHS = (
					"$(inherited)",
					"@executable_path/Frameworks",
				);
				MARKETING_VERSION = 1.0;
				PRODUCT_BUNDLE_IDENTIFIER = kr.ac.swac.LetsEat;
				PRODUCT_NAME = "$(TARGET_NAME)";
				SWIFT_EMIT_LOC_STRINGS = YES;
				SWIFT_VERSION = 5.0;
				TARGETED_DEVICE_FAMILY = "1,2";
			};
			name = Debug;
		};
		08D333EA2A9C459100CE6571 /* Release */ = {
			isa = XCBuildConfiguration;
			buildSettings = {
				ASSETCATALOG_COMPILER_APPICON_NAME = AppIcon;
				ASSETCATALOG_COMPILER_GLOBAL_ACCENT_COLOR_NAME = AccentColor;
				CODE_SIGN_STYLE = Automatic;
				CURRENT_PROJECT_VERSION = 1;
				DEVELOPMENT_ASSET_PATHS = "\"LetsEat/Preview Content\"";
				DEVELOPMENT_TEAM = 7HY82828Q6;
				ENABLE_PREVIEWS = YES;
				GENERATE_INFOPLIST_FILE = YES;
				INFOPLIST_FILE = LetsEat/Info.plist;
				INFOPLIST_KEY_UIApplicationSceneManifest_Generation = YES;
				INFOPLIST_KEY_UIApplicationSupportsIndirectInputEvents = YES;
				INFOPLIST_KEY_UILaunchScreen_Generation = YES;
				INFOPLIST_KEY_UISupportedInterfaceOrientations_iPad = "UIInterfaceOrientationPortrait UIInterfaceOrientationPortraitUpsideDown UIInterfaceOrientationLandscapeLeft UIInterfaceOrientationLandscapeRight";
				INFOPLIST_KEY_UISupportedInterfaceOrientations_iPhone = "UIInterfaceOrientationPortrait UIInterfaceOrientationLandscapeLeft UIInterfaceOrientationLandscapeRight";
				LD_RUNPATH_SEARCH_PATHS = (
					"$(inherited)",
					"@executable_path/Frameworks",
				);
				MARKETING_VERSION = 1.0;
				PRODUCT_BUNDLE_IDENTIFIER = kr.ac.swac.LetsEat;
				PRODUCT_NAME = "$(TARGET_NAME)";
				SWIFT_EMIT_LOC_STRINGS = YES;
				SWIFT_VERSION = 5.0;
				TARGETED_DEVICE_FAMILY = "1,2";
			};
			name = Release;
		};
		08D333EC2A9C459100CE6571 /* Debug */ = {
			isa = XCBuildConfiguration;
			buildSettings = {
				ALWAYS_EMBED_SWIFT_STANDARD_LIBRARIES = YES;
				BUNDLE_LOADER = "$(TEST_HOST)";
				CODE_SIGN_STYLE = Automatic;
				CURRENT_PROJECT_VERSION = 1;
				DEVELOPMENT_TEAM = 7HY82828Q6;
				GENERATE_INFOPLIST_FILE = YES;
				IPHONEOS_DEPLOYMENT_TARGET = 16.4;
				MARKETING_VERSION = 1.0;
				PRODUCT_BUNDLE_IDENTIFIER = kr.ac.swac.LetsEatTests;
				PRODUCT_NAME = "$(TARGET_NAME)";
				SWIFT_EMIT_LOC_STRINGS = NO;
				SWIFT_VERSION = 5.0;
				TARGETED_DEVICE_FAMILY = "1,2";
				TEST_HOST = "$(BUILT_PRODUCTS_DIR)/LetsEat.app/$(BUNDLE_EXECUTABLE_FOLDER_PATH)/LetsEat";
			};
			name = Debug;
		};
		08D333ED2A9C459100CE6571 /* Release */ = {
			isa = XCBuildConfiguration;
			buildSettings = {
				ALWAYS_EMBED_SWIFT_STANDARD_LIBRARIES = YES;
				BUNDLE_LOADER = "$(TEST_HOST)";
				CODE_SIGN_STYLE = Automatic;
				CURRENT_PROJECT_VERSION = 1;
				DEVELOPMENT_TEAM = 7HY82828Q6;
				GENERATE_INFOPLIST_FILE = YES;
				IPHONEOS_DEPLOYMENT_TARGET = 16.4;
				MARKETING_VERSION = 1.0;
				PRODUCT_BUNDLE_IDENTIFIER = kr.ac.swac.LetsEatTests;
				PRODUCT_NAME = "$(TARGET_NAME)";
				SWIFT_EMIT_LOC_STRINGS = NO;
				SWIFT_VERSION = 5.0;
				TARGETED_DEVICE_FAMILY = "1,2";
				TEST_HOST = "$(BUILT_PRODUCTS_DIR)/LetsEat.app/$(BUNDLE_EXECUTABLE_FOLDER_PATH)/LetsEat";
			};
			name = Release;
		};
		08D333EF2A9C459100CE6571 /* Debug */ = {
			isa = XCBuildConfiguration;
			buildSettings = {
				ALWAYS_EMBED_SWIFT_STANDARD_LIBRARIES = YES;
				CODE_SIGN_STYLE = Automatic;
				CURRENT_PROJECT_VERSION = 1;
				DEVELOPMENT_TEAM = 7HY82828Q6;
				GENERATE_INFOPLIST_FILE = YES;
				MARKETING_VERSION = 1.0;
				PRODUCT_BUNDLE_IDENTIFIER = kr.ac.swac.LetsEatUITests;
				PRODUCT_NAME = "$(TARGET_NAME)";
				SWIFT_EMIT_LOC_STRINGS = NO;
				SWIFT_VERSION = 5.0;
				TARGETED_DEVICE_FAMILY = "1,2";
				TEST_TARGET_NAME = LetsEat;
			};
			name = Debug;
		};
		08D333F02A9C459100CE6571 /* Release */ = {
			isa = XCBuildConfiguration;
			buildSettings = {
				ALWAYS_EMBED_SWIFT_STANDARD_LIBRARIES = YES;
				CODE_SIGN_STYLE = Automatic;
				CURRENT_PROJECT_VERSION = 1;
				DEVELOPMENT_TEAM = 7HY82828Q6;
				GENERATE_INFOPLIST_FILE = YES;
				MARKETING_VERSION = 1.0;
				PRODUCT_BUNDLE_IDENTIFIER = kr.ac.swac.LetsEatUITests;
				PRODUCT_NAME = "$(TARGET_NAME)";
				SWIFT_EMIT_LOC_STRINGS = NO;
				SWIFT_VERSION = 5.0;
				TARGETED_DEVICE_FAMILY = "1,2";
				TEST_TARGET_NAME = LetsEat;
			};
			name = Release;
		};
/* End XCBuildConfiguration section */

/* Begin XCConfigurationList section */
		08D333BF2A9C458F00CE6571 /* Build configuration list for PBXProject "LetsEat" */ = {
			isa = XCConfigurationList;
			buildConfigurations = (
				08D333E62A9C459100CE6571 /* Debug */,
				08D333E72A9C459100CE6571 /* Release */,
			);
			defaultConfigurationIsVisible = 0;
			defaultConfigurationName = Release;
		};
		08D333E82A9C459100CE6571 /* Build configuration list for PBXNativeTarget "LetsEat" */ = {
			isa = XCConfigurationList;
			buildConfigurations = (
				08D333E92A9C459100CE6571 /* Debug */,
				08D333EA2A9C459100CE6571 /* Release */,
			);
			defaultConfigurationIsVisible = 0;
			defaultConfigurationName = Release;
		};
		08D333EB2A9C459100CE6571 /* Build configuration list for PBXNativeTarget "LetsEatTests" */ = {
			isa = XCConfigurationList;
			buildConfigurations = (
				08D333EC2A9C459100CE6571 /* Debug */,
				08D333ED2A9C459100CE6571 /* Release */,
			);
			defaultConfigurationIsVisible = 0;
			defaultConfigurationName = Release;
		};
		08D333EE2A9C459100CE6571 /* Build configuration list for PBXNativeTarget "LetsEatUITests" */ = {
			isa = XCConfigurationList;
			buildConfigurations = (
				08D333EF2A9C459100CE6571 /* Debug */,
				08D333F02A9C459100CE6571 /* Release */,
			);
			defaultConfigurationIsVisible = 0;
			defaultConfigurationName = Release;
		};
/* End XCConfigurationList section */
	};
	rootObject = 08D333BC2A9C458F00CE6571 /* Project object */;
}
